
Microsoft Visual Studio Solution File, Format Version 12.00
# Visual Studio Version 17
VisualStudioVersion = 17.11.35312.102
MinimumVisualStudioVersion = 10.0.40219.1
Project("{FAE04EC0-301F-11D3-BF4B-00C04F79EFBC}") = "Palindrome", "Palindrome\Palindrome.csproj", "{9185BF30-9813-45BA-AF3E-E593C6682185}"
EndProject
Global
	GlobalSection(SolutionConfigurationPlatforms) = preSolution
		Debug|Any CPU = Debug|Any CPU
		Release|Any CPU = Release|Any CPU
	EndGlobalSection
	GlobalSection(ProjectConfigurationPlatforms) = postSolution
		{9185BF30-9813-45BA-AF3E-E593C6682185}.Debug|Any CPU.ActiveCfg = Debug|Any CPU
		{9185BF30-9813-45BA-AF3E-E593C6682185}.Debug|Any CPU.Build.0 = Debug|Any CPU
		{9185BF30-9813-45BA-AF3E-E593C6682185}.Release|Any CPU.ActiveCfg = Release|Any CPU
		{9185BF30-9813-45BA-AF3E-E593C6682185}.Release|Any CPU.Build.0 = Release|Any CPU
	EndGlobalSection
	GlobalSection(SolutionProperties) = preSolution
		HideSolutionNode = FALSE
	EndGlobalSection
	GlobalSection(ExtensibilityGlobals) = postSolution
		SolutionGuid = {4520ECB7-7370-41C8-9AD0-B334AAD27134}
	EndGlobalSection
EndGlobal
