
Microsoft Visual Studio Solution File, Format Version 12.00
# Visual Studio Version 17
VisualStudioVersion = 17.11.35312.102
MinimumVisualStudioVersion = 10.0.40219.1
Project("{FAE04EC0-301F-11D3-BF4B-00C04F79EFBC}") = "IncreaseNumaccordingtoRow", "IncreaseNumaccordingtoRow\IncreaseNumaccordingtoRow.csproj", "{E979B1B1-1692-4CFF-A323-F2423C49E736}"
EndProject
Global
	GlobalSection(SolutionConfigurationPlatforms) = preSolution
		Debug|Any CPU = Debug|Any CPU
		Release|Any CPU = Release|Any CPU
	EndGlobalSection
	GlobalSection(ProjectConfigurationPlatforms) = postSolution
		{E979B1B1-1692-4CFF-A323-F2423C49E736}.Debug|Any CPU.ActiveCfg = Debug|Any CPU
		{E979B1B1-1692-4CFF-A323-F2423C49E736}.Debug|Any CPU.Build.0 = Debug|Any CPU
		{E979B1B1-1692-4CFF-A323-F2423C49E736}.Release|Any CPU.ActiveCfg = Release|Any CPU
		{E979B1B1-1692-4CFF-A323-F2423C49E736}.Release|Any CPU.Build.0 = Release|Any CPU
	EndGlobalSection
	GlobalSection(SolutionProperties) = preSolution
		HideSolutionNode = FALSE
	EndGlobalSection
	GlobalSection(ExtensibilityGlobals) = postSolution
		SolutionGuid = {7EDCFC29-9BB9-498B-8259-B045B186AD67}
	EndGlobalSection
EndGlobal
