
Microsoft Visual Studio Solution File, Format Version 12.00
# Visual Studio Version 17
VisualStudioVersion = 17.11.35312.102
MinimumVisualStudioVersion = 10.0.40219.1
Project("{FAE04EC0-301F-11D3-BF4B-00C04F79EFBC}") = "List", "List\List.csproj", "{97A723A3-D844-410B-B0AC-E1033BC31845}"
EndProject
Global
	GlobalSection(SolutionConfigurationPlatforms) = preSolution
		Debug|Any CPU = Debug|Any CPU
		Release|Any CPU = Release|Any CPU
	EndGlobalSection
	GlobalSection(ProjectConfigurationPlatforms) = postSolution
		{97A723A3-D844-410B-B0AC-E1033BC31845}.Debug|Any CPU.ActiveCfg = Debug|Any CPU
		{97A723A3-D844-410B-B0AC-E1033BC31845}.Debug|Any CPU.Build.0 = Debug|Any CPU
		{97A723A3-D844-410B-B0AC-E1033BC31845}.Release|Any CPU.ActiveCfg = Release|Any CPU
		{97A723A3-D844-410B-B0AC-E1033BC31845}.Release|Any CPU.Build.0 = Release|Any CPU
	EndGlobalSection
	GlobalSection(SolutionProperties) = preSolution
		HideSolutionNode = FALSE
	EndGlobalSection
	GlobalSection(ExtensibilityGlobals) = postSolution
		SolutionGuid = {B5ABF381-7587-4B14-8844-A3CDBC0538E1}
	EndGlobalSection
EndGlobal
